// !$*UTF8*$!
{
	archiveVersion = 1;
	classes = {
	};
	objectVersion = 46;
	objects = {

/* Begin PBXBuildFile section */
		0035C1BC145A4B6F00C878D9 /* README.md in Resources */ = {isa = PBXBuildFile; fileRef = 0035C1BB145A4B6F00C878D9 /* README.md */; };
		009A697D145A486E006C5221 /* UIKit.framework in Frameworks */ = {isa = PBXBuildFile; fileRef = 009A697C145A486E006C5221 /* UIKit.framework */; };
		009A697F145A486E006C5221 /* Foundation.framework in Frameworks */ = {isa = PBXBuildFile; fileRef = 009A697E145A486E006C5221 /* Foundation.framework */; };
		009A6981145A486E006C5221 /* CoreGraphics.framework in Frameworks */ = {isa = PBXBuildFile; fileRef = 009A6980145A486E006C5221 /* CoreGraphics.framework */; };
		009A6987145A486E006C5221 /* InfoPlist.strings in Resources */ = {isa = PBXBuildFile; fileRef = 009A6985145A486E006C5221 /* InfoPlist.strings */; };
		009A6989145A486E006C5221 /* main.m in Sources */ = {isa = PBXBuildFile; fileRef = 009A6988145A486E006C5221 /* main.m */; };
		009A698D145A486E006C5221 /* AppDelegate.m in Sources */ = {isa = PBXBuildFile; fileRef = 009A698C145A486E006C5221 /* AppDelegate.m */; };
		009A6990145A486E006C5221 /* ViewController.m in Sources */ = {isa = PBXBuildFile; fileRef = 009A698F145A486E006C5221 /* ViewController.m */; };
		009A6993145A486E006C5221 /* ViewController.xib in Resources */ = {isa = PBXBuildFile; fileRef = 009A6991145A486E006C5221 /* ViewController.xib */; };
/* End PBXBuildFile section */

/* Begin PBXFileReference section */
		0035C1BB145A4B6F00C878D9 /* README.md */ = {isa = PBXFileReference; fileEncoding = 4; lastKnownFileType = text; path = README.md; sourceTree = "<group>"; };
		009A6978145A486E006C5221 /* searchDisplayControllerTintIssue.app */ = {isa = PBXFileReference; explicitFileType = wrapper.application; includeInIndex = 0; path = searchDisplayControllerTintIssue.app; sourceTree = BUILT_PRODUCTS_DIR; };
		009A697C145A486E006C5221 /* UIKit.framework */ = {isa = PBXFileReference; lastKnownFileType = wrapper.framework; name = UIKit.framework; path = System/Library/Frameworks/UIKit.framework; sourceTree = SDKROOT; };
		009A697E145A486E006C5221 /* Foundation.framework */ = {isa = PBXFileReference; lastKnownFileType = wrapper.framework; name = Foundation.framework; path = System/Library/Frameworks/Foundation.framework; sourceTree = SDKROOT; };
		009A6980145A486E006C5221 /* CoreGraphics.framework */ = {isa = PBXFileReference; lastKnownFileType = wrapper.framework; name = CoreGraphics.framework; path = System/Library/Frameworks/CoreGraphics.framework; sourceTree = SDKROOT; };
		009A6984145A486E006C5221 /* searchDisplayControllerTintIssue-Info.plist */ = {isa = PBXFileReference; lastKnownFileType = text.plist.xml; path = "searchDisplayControllerTintIssue-Info.plist"; sourceTree = "<group>"; };
		009A6986145A486E006C5221 /* en */ = {isa = PBXFileReference; lastKnownFileType = text.plist.strings; name = en; path = en.lproj/InfoPlist.strings; sourceTree = "<group>"; };
		009A6988145A486E006C5221 /* main.m */ = {isa = PBXFileReference; lastKnownFileType = sourcecode.c.objc; path = main.m; sourceTree = "<group>"; };
		009A698A145A486E006C5221 /* searchDisplayControllerTintIssue-Prefix.pch */ = {isa = PBXFileReference; lastKnownFileType = sourcecode.c.h; path = "searchDisplayControllerTintIssue-Prefix.pch"; sourceTree = "<group>"; };
		009A698B145A486E006C5221 /* AppDelegate.h */ = {isa = PBXFileReference; lastKnownFileType = sourcecode.c.h; path = AppDelegate.h; sourceTree = "<group>"; };
		009A698C145A486E006C5221 /* AppDelegate.m */ = {isa = PBXFileReference; lastKnownFileType = sourcecode.c.objc; path = AppDelegate.m; sourceTree = "<group>"; };
		009A698E145A486E006C5221 /* ViewController.h */ = {isa = PBXFileReference; lastKnownFileType = sourcecode.c.h; path = ViewController.h; sourceTree = "<group>"; };
		009A698F145A486E006C5221 /* ViewController.m */ = {isa = PBXFileReference; lastKnownFileType = sourcecode.c.objc; path = ViewController.m; sourceTree = "<group>"; };
		009A6992145A486E006C5221 /* en */ = {isa = PBXFileReference; lastKnownFileType = file.xib; name = en; path = en.lproj/ViewController.xib; sourceTree = "<group>"; };
/* End PBXFileReference section */

/* Begin PBXFrameworksBuildPhase section */
		009A6975145A486E006C5221 /* Frameworks */ = {
			isa = PBXFrameworksBuildPhase;
			buildActionMask = 2147483647;
			files = (
				009A697D145A486E006C5221 /* UIKit.framework in Frameworks */,
				009A697F145A486E006C5221 /* Foundation.framework in Frameworks */,
				009A6981145A486E006C5221 /* CoreGraphics.framework in Frameworks */,
			);
			runOnlyForDeploymentPostprocessing = 0;
		};
/* End PBXFrameworksBuildPhase section */

/* Begin PBXGroup section */
		009A696D145A486E006C5221 = {
			isa = PBXGroup;
			children = (
				009A6982145A486E006C5221 /* searchDisplayControllerTintIssue */,
				009A697B145A486E006C5221 /* Frameworks */,
				009A6979145A486E006C5221 /* Products */,
			);
			sourceTree = "<group>";
		};
		009A6979145A486E006C5221 /* Products */ = {
			isa = PBXGroup;
			children = (
				009A6978145A486E006C5221 /* searchDisplayControllerTintIssue.app */,
			);
			name = Products;
			sourceTree = "<group>";
		};
		009A697B145A486E006C5221 /* Frameworks */ = {
			isa = PBXGroup;
			children = (
				009A697C145A486E006C5221 /* UIKit.framework */,
				009A697E145A486E006C5221 /* Foundation.framework */,
				009A6980145A486E006C5221 /* CoreGraphics.framework */,
			);
			name = Frameworks;
			sourceTree = "<group>";
		};
		009A6982145A486E006C5221 /* searchDisplayControllerTintIssue */ = {
			isa = PBXGroup;
			children = (
				009A698B145A486E006C5221 /* AppDelegate.h */,
				009A698C145A486E006C5221 /* AppDelegate.m */,
				009A698E145A486E006C5221 /* ViewController.h */,
				009A698F145A486E006C5221 /* ViewController.m */,
				009A6991145A486E006C5221 /* ViewController.xib */,
				0035C1BB145A4B6F00C878D9 /* README.md */,
				009A6983145A486E006C5221 /* Supporting Files */,
			);
			path = searchDisplayControllerTintIssue;
			sourceTree = "<group>";
		};
		009A6983145A486E006C5221 /* Supporting Files */ = {
			isa = PBXGroup;
			children = (
				009A6984145A486E006C5221 /* searchDisplayControllerTintIssue-Info.plist */,
				009A6985145A486E006C5221 /* InfoPlist.strings */,
				009A6988145A486E006C5221 /* main.m */,
				009A698A145A486E006C5221 /* searchDisplayControllerTintIssue-Prefix.pch */,
			);
			name = "Supporting Files";
			sourceTree = "<group>";
		};
/* End PBXGroup section */

/* Begin PBXNativeTarget section */
		009A6977145A486E006C5221 /* searchDisplayControllerTintIssue */ = {
			isa = PBXNativeTarget;
			buildConfigurationList = 009A6996145A486E006C5221 /* Build configuration list for PBXNativeTarget "searchDisplayControllerTintIssue" */;
			buildPhases = (
				009A6974145A486E006C5221 /* Sources */,
				009A6975145A486E006C5221 /* Frameworks */,
				009A6976145A486E006C5221 /* Resources */,
			);
			buildRules = (
			);
			dependencies = (
			);
			name = searchDisplayControllerTintIssue;
			productName = searchDisplayControllerTintIssue;
			productReference = 009A6978145A486E006C5221 /* searchDisplayControllerTintIssue.app */;
			productType = "com.apple.product-type.application";
		};
/* End PBXNativeTarget section */

/* Begin PBXProject section */
		009A696F145A486E006C5221 /* Project object */ = {
			isa = PBXProject;
			attributes = {
				LastUpgradeCheck = 0420;
				ORGANIZATIONNAME = "Geeks R Us";
			};
			buildConfigurationList = 009A6972145A486E006C5221 /* Build configuration list for PBXProject "searchDisplayControllerTintIssue" */;
			compatibilityVersion = "Xcode 3.2";
			developmentRegion = English;
			hasScannedForEncodings = 0;
			knownRegions = (
				en,
			);
			mainGroup = 009A696D145A486E006C5221;
			productRefGroup = 009A6979145A486E006C5221 /* Products */;
			projectDirPath = "";
			projectRoot = "";
			targets = (
				009A6977145A486E006C5221 /* searchDisplayControllerTintIssue */,
			);
		};
/* End PBXProject section */

/* Begin PBXResourcesBuildPhase section */
		009A6976145A486E006C5221 /* Resources */ = {
			isa = PBXResourcesBuildPhase;
			buildActionMask = 2147483647;
			files = (
				009A6987145A486E006C5221 /* InfoPlist.strings in Resources */,
				009A6993145A486E006C5221 /* ViewController.xib in Resources */,
				0035C1BC145A4B6F00C878D9 /* README.md in Resources */,
			);
			runOnlyForDeploymentPostprocessing = 0;
		};
/* End PBXResourcesBuildPhase section */

/* Begin PBXSourcesBuildPhase section */
		009A6974145A486E006C5221 /* Sources */ = {
			isa = PBXSourcesBuildPhase;
			buildActionMask = 2147483647;
			files = (
				009A6989145A486E006C5221 /* main.m in Sources */,
				009A698D145A486E006C5221 /* AppDelegate.m in Sources */,
				009A6990145A486E006C5221 /* ViewController.m in Sources */,
			);
			runOnlyForDeploymentPostprocessing = 0;
		};
/* End PBXSourcesBuildPhase section */

/* Begin PBXVariantGroup section */
		009A6985145A486E006C5221 /* InfoPlist.strings */ = {
			isa = PBXVariantGroup;
			children = (
				009A6986145A486E006C5221 /* en */,
			);
			name = InfoPlist.strings;
			sourceTree = "<group>";
		};
		009A6991145A486E006C5221 /* ViewController.xib */ = {
			isa = PBXVariantGroup;
			children = (
				009A6992145A486E006C5221 /* en */,
			);
			name = ViewController.xib;
			sourceTree = "<group>";
		};
/* End PBXVariantGroup section */

/* Begin XCBuildConfiguration section */
		009A6994145A486E006C5221 /* Debug */ = {
			isa = XCBuildConfiguration;
			buildSettings = {
				ALWAYS_SEARCH_USER_PATHS = NO;
				ARCHS = "$(ARCHS_STANDARD_32_BIT)";
				"CODE_SIGN_IDENTITY[sdk=iphoneos*]" = "iPhone Developer";
				COPY_PHASE_STRIP = NO;
				GCC_C_LANGUAGE_STANDARD = gnu99;
				GCC_DYNAMIC_NO_PIC = NO;
				GCC_OPTIMIZATION_LEVEL = 0;
				GCC_PREPROCESSOR_DEFINITIONS = (
					"DEBUG=1",
					"$(inherited)",
				);
				GCC_SYMBOLS_PRIVATE_EXTERN = NO;
				GCC_VERSION = com.apple.compilers.llvm.clang.1_0;
				GCC_WARN_ABOUT_MISSING_PROTOTYPES = YES;
				GCC_WARN_ABOUT_RETURN_TYPE = YES;
				GCC_WARN_UNUSED_VARIABLE = YES;
				IPHONEOS_DEPLOYMENT_TARGET = 4.0;
				SDKROOT = iphoneos;
			};
			name = Debug;
		};
		009A6995145A486E006C5221 /* Release */ = {
			isa = XCBuildConfiguration;
			buildSettings = {
				ALWAYS_SEARCH_USER_PATHS = NO;
				ARCHS = "$(ARCHS_STANDARD_32_BIT)";
				"CODE_SIGN_IDENTITY[sdk=iphoneos*]" = "iPhone Developer";
				COPY_PHASE_STRIP = YES;
				GCC_C_LANGUAGE_STANDARD = gnu99;
				GCC_VERSION = com.apple.compilers.llvm.clang.1_0;
				GCC_WARN_ABOUT_MISSING_PROTOTYPES = YES;
				GCC_WARN_ABOUT_RETURN_TYPE = YES;
				GCC_WARN_UNUSED_VARIABLE = YES;
				IPHONEOS_DEPLOYMENT_TARGET = 4.0;
				OTHER_CFLAGS = "-DNS_BLOCK_ASSERTIONS=1";
				SDKROOT = iphoneos;
				VALIDATE_PRODUCT = YES;
			};
			name = Release;
		};
		009A6997145A486E006C5221 /* Debug */ = {
			isa = XCBuildConfiguration;
			buildSettings = {
				GCC_PRECOMPILE_PREFIX_HEADER = YES;
				GCC_PREFIX_HEADER = "searchDisplayControllerTintIssue/searchDisplayControllerTintIssue-Prefix.pch";
				INFOPLIST_FILE = "searchDisplayControllerTintIssue/searchDisplayControllerTintIssue-Info.plist";
				PRODUCT_NAME = "$(TARGET_NAME)";
				WRAPPER_EXTENSION = app;
			};
			name = Debug;
		};
		009A6998145A486E006C5221 /* Release */ = {
			isa = XCBuildConfiguration;
			buildSettings = {
				GCC_PRECOMPILE_PREFIX_HEADER = YES;
				GCC_PREFIX_HEADER = "searchDisplayControllerTintIssue/searchDisplayControllerTintIssue-Prefix.pch";
				INFOPLIST_FILE = "searchDisplayControllerTintIssue/searchDisplayControllerTintIssue-Info.plist";
				PRODUCT_NAME = "$(TARGET_NAME)";
				WRAPPER_EXTENSION = app;
			};
			name = Release;
		};
/* End XCBuildConfiguration section */

/* Begin XCConfigurationList section */
		009A6972145A486E006C5221 /* Build configuration list for PBXProject "searchDisplayControllerTintIssue" */ = {
			isa = XCConfigurationList;
			buildConfigurations = (
				009A6994145A486E006C5221 /* Debug */,
				009A6995145A486E006C5221 /* Release */,
			);
			defaultConfigurationIsVisible = 0;
			defaultConfigurationName = Release;
		};
		009A6996145A486E006C5221 /* Build configuration list for PBXNativeTarget "searchDisplayControllerTintIssue" */ = {
			isa = XCConfigurationList;
			buildConfigurations = (
				009A6997145A486E006C5221 /* Debug */,
				009A6998145A486E006C5221 /* Release */,
			);
			defaultConfigurationIsVisible = 0;
			defaultConfigurationName = Release;
		};
/* End XCConfigurationList section */
	};
	rootObject = 009A696F145A486E006C5221 /* Project object */;
}
